{
  "version": 4,
  "terraform_version": "1.9.5",
  "serial": 7,
  "lineage": "830457a4-a4ad-4331-0cc2-0dfa5ba54c1d",
  "outputs": {},
  "resources": [
    {
      "mode": "managed",
      "type": "azurerm_container_registry",
      "name": "container_registry",
      "provider": "provider[\"registry.terraform.io/hashicorp/azurerm\"]",
      "instances": [
        {
          "schema_version": 2,
          "attributes": {
            "admin_enabled": true,
            "admin_password": "BFywF0BIWgiJ7AA/Nd70vivX6wm2mhI6RenY7CVjLZ+ACRCDukoV",
            "admin_username": "sit722part4",
            "anonymous_pull_enabled": false,
            "data_endpoint_enabled": false,
            "encryption": [
              {
                "enabled": false,
                "identity_client_id": "",
                "key_vault_key_id": ""
              }
            ],
            "export_policy_enabled": true,
            "georeplications": [],
            "id": "/subscriptions/65ab3d5c-ba0f-408d-a6da-f6d339ed39bc/resourceGroups/sit722part4/providers/Microsoft.ContainerRegistry/registries/sit722part4",
            "identity": [],
            "location": "eastus",
            "login_server": "sit722part4.azurecr.io",
            "name": "sit722part4",
            "network_rule_bypass_option": "AzureServices",
            "network_rule_set": [],
            "public_network_access_enabled": true,
            "quarantine_policy_enabled": false,
            "resource_group_name": "sit722part4",
            "retention_policy": [
              {
                "days": 7,
                "enabled": false
              }
            ],
            "sku": "Basic",
            "tags": {},
            "timeouts": null,
            "trust_policy": [
              {
                "enabled": false
              }
            ],
            "zone_redundancy_enabled": false
          },
          "sensitive_attributes": [
            [
              {
                "type": "get_attr",
                "value": "admin_password"
              }
            ]
          ],
          "private": "eyJlMmJmYjczMC1lY2FhLTExZTYtOGY4OC0zNDM2M2JjN2M0YzAiOnsiY3JlYXRlIjoxODAwMDAwMDAwMDAwLCJkZWxldGUiOjE4MDAwMDAwMDAwMDAsInJlYWQiOjMwMDAwMDAwMDAwMCwidXBkYXRlIjoxODAwMDAwMDAwMDAwfSwic2NoZW1hX3ZlcnNpb24iOiIyIn0=",
          "dependencies": [
            "azurerm_resource_group.sitproject"
          ]
        }
      ]
    },
    {
      "mode": "managed",
      "type": "azurerm_resource_group",
      "name": "sitproject",
      "provider": "provider[\"registry.terraform.io/hashicorp/azurerm\"]",
      "instances": [
        {
          "schema_version": 0,
          "attributes": {
            "id": "/subscriptions/65ab3d5c-ba0f-408d-a6da-f6d339ed39bc/resourceGroups/sit722part4",
            "location": "eastus",
            "managed_by": "",
            "name": "sit722part4",
            "tags": {},
            "timeouts": null
          },
          "sensitive_attributes": [],
          "private": "eyJlMmJmYjczMC1lY2FhLTExZTYtOGY4OC0zNDM2M2JjN2M0YzAiOnsiY3JlYXRlIjo1NDAwMDAwMDAwMDAwLCJkZWxldGUiOjU0MDAwMDAwMDAwMDAsInJlYWQiOjMwMDAwMDAwMDAwMCwidXBkYXRlIjo1NDAwMDAwMDAwMDAwfX0="
        }
      ]
    },
    {
      "mode": "managed",
      "type": "azurerm_role_assignment",
      "name": "role_assignment",
      "provider": "provider[\"registry.terraform.io/hashicorp/azurerm\"]",
      "instances": [
        {
          "schema_version": 0,
          "attributes": {
            "condition": "",
            "condition_version": "",
            "delegated_managed_identity_resource_id": "",
            "description": "",
            "id": "/subscriptions/65ab3d5c-ba0f-408d-a6da-f6d339ed39bc/resourceGroups/sit722part4/providers/Microsoft.ContainerRegistry/registries/sit722part4/providers/Microsoft.Authorization/roleAssignments/d6a19225-9e5c-31ab-cba6-ff24a2e5980f",
            "name": "d6a19225-9e5c-31ab-cba6-ff24a2e5980f",
            "principal_id": "268d8850-c277-492b-a97f-6f702aaf57d1",
            "principal_type": "ServicePrincipal",
            "role_definition_id": "/subscriptions/65ab3d5c-ba0f-408d-a6da-f6d339ed39bc/providers/Microsoft.Authorization/roleDefinitions/7f951dda-4ed3-4680-a7ca-43fe172d538d",
            "role_definition_name": "AcrPull",
            "scope": "/subscriptions/65ab3d5c-ba0f-408d-a6da-f6d339ed39bc/resourceGroups/sit722part4/providers/Microsoft.ContainerRegistry/registries/sit722part4",
            "skip_service_principal_aad_check": true,
            "timeouts": null
          },
          "sensitive_attributes": [],
          "private": "eyJlMmJmYjczMC1lY2FhLTExZTYtOGY4OC0zNDM2M2JjN2M0YzAiOnsiY3JlYXRlIjoxODAwMDAwMDAwMDAwLCJkZWxldGUiOjE4MDAwMDAwMDAwMDAsInJlYWQiOjMwMDAwMDAwMDAwMCwidXBkYXRlIjoxODAwMDAwMDAwMDAwfX0=",
          "dependencies": [
            "azurerm_container_registry.container_registry",
            "azurerm_kubernetes_cluster.cluster",
            "azurerm_resource_group.sitproject"
          ]
        }
      ]
    }
  ],
  "check_results": null
}
